
Microsoft Visual Studio Solution File, Format Version 11.00
# Visual Studio 2010
Project("{FAE04EC0-301F-11D3-BF4B-00C04F79EFBC}") = "UniRX", "UniRx.csproj", "{A62E0855-1082-6332-6A9A-94D3499B4152}"
EndProject
Project("{FAE04EC0-301F-11D3-BF4B-00C04F79EFBC}") = "UniRX", "UniRx.Async.csproj", "{8EA3922A-A7BF-36C6-45F6-97AC859D95B2}"
EndProject
Project("{FAE04EC0-301F-11D3-BF4B-00C04F79EFBC}") = "UniRX", "UniRx.Examples.csproj", "{E7D6E17D-6033-06E0-9B38-C877F9310795}"
EndProject
Project("{FAE04EC0-301F-11D3-BF4B-00C04F79EFBC}") = "UniRX", "Assembly-CSharp.csproj", "{0D92CCCD-A510-7133-4F57-39BE8F54EF09}"
EndProject
Project("{FAE04EC0-301F-11D3-BF4B-00C04F79EFBC}") = "UniRX", "UniRx.Async.Editor.csproj", "{00FCDF64-34DB-918B-4477-D23D323FA1B8}"
EndProject
Global
	GlobalSection(SolutionConfigurationPlatforms) = preSolution
		Debug|Any CPU = Debug|Any CPU
		Release|Any CPU = Release|Any CPU
	EndGlobalSection
	GlobalSection(ProjectConfigurationPlatforms) = postSolution
		{A62E0855-1082-6332-6A9A-94D3499B4152}.Debug|Any CPU.ActiveCfg = Debug|Any CPU
		{A62E0855-1082-6332-6A9A-94D3499B4152}.Debug|Any CPU.Build.0 = Debug|Any CPU
		{A62E0855-1082-6332-6A9A-94D3499B4152}.Release|Any CPU.ActiveCfg = Release|Any CPU
		{A62E0855-1082-6332-6A9A-94D3499B4152}.Release|Any CPU.Build.0 = Release|Any CPU
		{8EA3922A-A7BF-36C6-45F6-97AC859D95B2}.Debug|Any CPU.ActiveCfg = Debug|Any CPU
		{8EA3922A-A7BF-36C6-45F6-97AC859D95B2}.Debug|Any CPU.Build.0 = Debug|Any CPU
		{8EA3922A-A7BF-36C6-45F6-97AC859D95B2}.Release|Any CPU.ActiveCfg = Release|Any CPU
		{8EA3922A-A7BF-36C6-45F6-97AC859D95B2}.Release|Any CPU.Build.0 = Release|Any CPU
		{E7D6E17D-6033-06E0-9B38-C877F9310795}.Debug|Any CPU.ActiveCfg = Debug|Any CPU
		{E7D6E17D-6033-06E0-9B38-C877F9310795}.Debug|Any CPU.Build.0 = Debug|Any CPU
		{E7D6E17D-6033-06E0-9B38-C877F9310795}.Release|Any CPU.ActiveCfg = Release|Any CPU
		{E7D6E17D-6033-06E0-9B38-C877F9310795}.Release|Any CPU.Build.0 = Release|Any CPU
		{0D92CCCD-A510-7133-4F57-39BE8F54EF09}.Debug|Any CPU.ActiveCfg = Debug|Any CPU
		{0D92CCCD-A510-7133-4F57-39BE8F54EF09}.Debug|Any CPU.Build.0 = Debug|Any CPU
		{0D92CCCD-A510-7133-4F57-39BE8F54EF09}.Release|Any CPU.ActiveCfg = Release|Any CPU
		{0D92CCCD-A510-7133-4F57-39BE8F54EF09}.Release|Any CPU.Build.0 = Release|Any CPU
		{00FCDF64-34DB-918B-4477-D23D323FA1B8}.Debug|Any CPU.ActiveCfg = Debug|Any CPU
		{00FCDF64-34DB-918B-4477-D23D323FA1B8}.Debug|Any CPU.Build.0 = Debug|Any CPU
		{00FCDF64-34DB-918B-4477-D23D323FA1B8}.Release|Any CPU.ActiveCfg = Release|Any CPU
		{00FCDF64-34DB-918B-4477-D23D323FA1B8}.Release|Any CPU.Build.0 = Release|Any CPU
	EndGlobalSection
	GlobalSection(SolutionProperties) = preSolution
		HideSolutionNode = FALSE
	EndGlobalSection
	GlobalSection(MonoDevelopProperties) = preSolution
		StartupItem = Assembly-CSharp.csproj
	EndGlobalSection
EndGlobal
